
Microsoft Visual Studio Solution File, Format Version 12.00
# Visual Studio Version 17
VisualStudioVersion = 17.2.32526.322
MinimumVisualStudioVersion = 10.0.40219.1
Project("{FAE04EC0-301F-11D3-BF4B-00C04F79EFBC}") = "MyFirstConsole", "MyFirstConsole\MyFirstConsole.csproj", "{CFC9D9A5-36B7-4A4C-9A43-97445AB811AA}"
EndProject
Global
	GlobalSection(SolutionConfigurationPlatforms) = preSolution
		Debug|Any CPU = Debug|Any CPU
		Release|Any CPU = Release|Any CPU
	EndGlobalSection
	GlobalSection(ProjectConfigurationPlatforms) = postSolution
		{CFC9D9A5-36B7-4A4C-9A43-97445AB811AA}.Debug|Any CPU.ActiveCfg = Debug|Any CPU
		{CFC9D9A5-36B7-4A4C-9A43-97445AB811AA}.Debug|Any CPU.Build.0 = Debug|Any CPU
		{CFC9D9A5-36B7-4A4C-9A43-97445AB811AA}.Release|Any CPU.ActiveCfg = Release|Any CPU
		{CFC9D9A5-36B7-4A4C-9A43-97445AB811AA}.Release|Any CPU.Build.0 = Release|Any CPU
	EndGlobalSection
	GlobalSection(SolutionProperties) = preSolution
		HideSolutionNode = FALSE
	EndGlobalSection
	GlobalSection(ExtensibilityGlobals) = postSolution
		SolutionGuid = {5DD51A22-6856-4777-9C70-17B8E2150CB0}
	EndGlobalSection
EndGlobal
